
Microsoft Visual Studio Solution File, Format Version 12.00
# Visual Studio Version 17
VisualStudioVersion = 17.6.33723.286
MinimumVisualStudioVersion = 10.0.40219.1
Project("{FAE04EC0-301F-11D3-BF4B-00C04F79EFBC}") = "StudentAdditionManagement", "StudentAdditionManagement\StudentAdditionManagement.csproj", "{81FBED09-543F-4B7F-BBA1-E5AE67F8B64B}"
EndProject
Project("{FAE04EC0-301F-11D3-BF4B-00C04F79EFBC}") = "StudentAttendanceManagement", "StudentAttendanceManagement\StudentAttendanceManagement.csproj", "{3F752773-94F9-40A8-AD00-B693AEC8D9D5}"
EndProject
Project("{FAE04EC0-301F-11D3-BF4B-00C04F79EFBC}") = "StudentApiGetaway", "StudentApiGetaway\StudentApiGetaway.csproj", "{FE1C9539-2436-49C3-AC88-41DAF026B72C}"
EndProject
Global
	GlobalSection(SolutionConfigurationPlatforms) = preSolution
		Debug|Any CPU = Debug|Any CPU
		Release|Any CPU = Release|Any CPU
	EndGlobalSection
	GlobalSection(ProjectConfigurationPlatforms) = postSolution
		{81FBED09-543F-4B7F-BBA1-E5AE67F8B64B}.Debug|Any CPU.ActiveCfg = Debug|Any CPU
		{81FBED09-543F-4B7F-BBA1-E5AE67F8B64B}.Debug|Any CPU.Build.0 = Debug|Any CPU
		{81FBED09-543F-4B7F-BBA1-E5AE67F8B64B}.Release|Any CPU.ActiveCfg = Release|Any CPU
		{81FBED09-543F-4B7F-BBA1-E5AE67F8B64B}.Release|Any CPU.Build.0 = Release|Any CPU
		{3F752773-94F9-40A8-AD00-B693AEC8D9D5}.Debug|Any CPU.ActiveCfg = Debug|Any CPU
		{3F752773-94F9-40A8-AD00-B693AEC8D9D5}.Debug|Any CPU.Build.0 = Debug|Any CPU
		{3F752773-94F9-40A8-AD00-B693AEC8D9D5}.Release|Any CPU.ActiveCfg = Release|Any CPU
		{3F752773-94F9-40A8-AD00-B693AEC8D9D5}.Release|Any CPU.Build.0 = Release|Any CPU
		{FE1C9539-2436-49C3-AC88-41DAF026B72C}.Debug|Any CPU.ActiveCfg = Debug|Any CPU
		{FE1C9539-2436-49C3-AC88-41DAF026B72C}.Debug|Any CPU.Build.0 = Debug|Any CPU
		{FE1C9539-2436-49C3-AC88-41DAF026B72C}.Release|Any CPU.ActiveCfg = Release|Any CPU
		{FE1C9539-2436-49C3-AC88-41DAF026B72C}.Release|Any CPU.Build.0 = Release|Any CPU
	EndGlobalSection
	GlobalSection(SolutionProperties) = preSolution
		HideSolutionNode = FALSE
	EndGlobalSection
	GlobalSection(ExtensibilityGlobals) = postSolution
		SolutionGuid = {153BC74D-DF23-4FFB-BEB5-5D9DA868B6E3}
	EndGlobalSection
EndGlobal
